
Microsoft Visual Studio Solution File, Format Version 12.00
# Visual Studio 14
VisualStudioVersion = 14.0.25420.1
MinimumVisualStudioVersion = 10.0.40219.1
Project("{FAE04EC0-301F-11D3-BF4B-00C04F79EFBC}") = "DOAN_Phan_Tich_Thiet_Ke", "DOAN_Phan_Tich_Thiet_Ke\DOAN_Phan_Tich_Thiet_Ke.csproj", "{C9AC3DC1-A614-4CF3-A1B2-D9DE811C39F1}"
EndProject
Global
	GlobalSection(SolutionConfigurationPlatforms) = preSolution
		Debug|Any CPU = Debug|Any CPU
		Release|Any CPU = Release|Any CPU
	EndGlobalSection
	GlobalSection(ProjectConfigurationPlatforms) = postSolution
		{C9AC3DC1-A614-4CF3-A1B2-D9DE811C39F1}.Debug|Any CPU.ActiveCfg = Debug|Any CPU
		{C9AC3DC1-A614-4CF3-A1B2-D9DE811C39F1}.Debug|Any CPU.Build.0 = Debug|Any CPU
		{C9AC3DC1-A614-4CF3-A1B2-D9DE811C39F1}.Release|Any CPU.ActiveCfg = Release|Any CPU
		{C9AC3DC1-A614-4CF3-A1B2-D9DE811C39F1}.Release|Any CPU.Build.0 = Release|Any CPU
	EndGlobalSection
	GlobalSection(SolutionProperties) = preSolution
		HideSolutionNode = FALSE
	EndGlobalSection
EndGlobal
